
Microsoft Visual Studio Solution File, Format Version 12.00
# Visual Studio Version 17
VisualStudioVersion = 17.10.35201.131
MinimumVisualStudioVersion = 10.0.40219.1
Project("{9A19103F-16F7-4668-BE54-9A1E7A4F7556}") = "DotNetTrainingBatch5.ConsoleApp", "DotNetTrainingBatch5.ConsoleApp\DotNetTrainingBatch5.ConsoleApp.csproj", "{686B3CBD-07EF-4A36-A325-5BD2BCC9EE26}"
EndProject
Project("{2150E333-8FDC-42A3-9474-1A3956D46DE8}") = "Documents", "Documents", "{EB38FE0B-8DBE-4635-B4F3-FE5BCD87C977}"
	ProjectSection(SolutionItems) = preProject
		README.md = README.md
	EndProjectSection
EndProject
Project("{9A19103F-16F7-4668-BE54-9A1E7A4F7556}") = "DotNetTrainingBatch5.Database", "DotNetTrainingBatch5.Database\DotNetTrainingBatch5.Database.csproj", "{7B4FDADA-5166-4D55-8D72-686C03645C71}"
EndProject
Project("{9A19103F-16F7-4668-BE54-9A1E7A4F7556}") = "DotNetTrainingBatch5.ConsoleApp2", "DotNetTrainingBatch5.ConsoleApp2\DotNetTrainingBatch5.ConsoleApp2.csproj", "{022AE7C3-E6C8-43CC-9584-B4CF4945EAD2}"
EndProject
Project("{9A19103F-16F7-4668-BE54-9A1E7A4F7556}") = "DotNetTrainingBatch5.RestApi", "DotNetTrainingBatch5.RestApi\DotNetTrainingBatch5.RestApi.csproj", "{49B57F17-A73A-4518-87C8-3D9D6787E0C8}"
EndProject
Project("{FAE04EC0-301F-11D3-BF4B-00C04F79EFBC}") = "DotNetTrainingBatch5.Shared", "DotNetTrainingBatch5.Shared\DotNetTrainingBatch5.Shared.csproj", "{DE8178E1-2354-4015-BA0D-AA832D5E280F}"
EndProject
Project("{FAE04EC0-301F-11D3-BF4B-00C04F79EFBC}") = "DotNetTrainingBatch5.MinimalApi", "DotNetTrainingBatch5.MinimalApi\DotNetTrainingBatch5.MinimalApi.csproj", "{EEA084BA-C5DB-45AC-99B9-E5F3F46255B6}"
EndProject
Project("{FAE04EC0-301F-11D3-BF4B-00C04F79EFBC}") = "DotNetTrainingBatch5.BirdMinimalApi", "DotNetTrainingBatch5.BirdMinimalApi\DotNetTrainingBatch5.BirdMinimalApi.csproj", "{84C14D4F-4BD2-44DC-B71C-5A111D22F483}"
EndProject
Project("{FAE04EC0-301F-11D3-BF4B-00C04F79EFBC}") = "DotNetTrainingBatch5.Domain", "DotNetTrainingBatch5.Domain\DotNetTrainingBatch5.Domain.csproj", "{5B466E6B-BB4A-4845-B585-6D09DF5946D6}"
EndProject
Project("{FAE04EC0-301F-11D3-BF4B-00C04F79EFBC}") = "DotNetTrainingBatch5.ConsoleApp3", "DotNetTrainingBatch5.ConsoleApp3\DotNetTrainingBatch5.ConsoleApp3.csproj", "{7561E4B4-451E-497F-A0DA-0F7168492F9C}"
EndProject
Global
	GlobalSection(SolutionConfigurationPlatforms) = preSolution
		Debug|Any CPU = Debug|Any CPU
		Release|Any CPU = Release|Any CPU
	EndGlobalSection
	GlobalSection(ProjectConfigurationPlatforms) = postSolution
		{686B3CBD-07EF-4A36-A325-5BD2BCC9EE26}.Debug|Any CPU.ActiveCfg = Debug|Any CPU
		{686B3CBD-07EF-4A36-A325-5BD2BCC9EE26}.Debug|Any CPU.Build.0 = Debug|Any CPU
		{686B3CBD-07EF-4A36-A325-5BD2BCC9EE26}.Release|Any CPU.ActiveCfg = Release|Any CPU
		{686B3CBD-07EF-4A36-A325-5BD2BCC9EE26}.Release|Any CPU.Build.0 = Release|Any CPU
		{7B4FDADA-5166-4D55-8D72-686C03645C71}.Debug|Any CPU.ActiveCfg = Debug|Any CPU
		{7B4FDADA-5166-4D55-8D72-686C03645C71}.Debug|Any CPU.Build.0 = Debug|Any CPU
		{7B4FDADA-5166-4D55-8D72-686C03645C71}.Release|Any CPU.ActiveCfg = Release|Any CPU
		{7B4FDADA-5166-4D55-8D72-686C03645C71}.Release|Any CPU.Build.0 = Release|Any CPU
		{022AE7C3-E6C8-43CC-9584-B4CF4945EAD2}.Debug|Any CPU.ActiveCfg = Debug|Any CPU
		{022AE7C3-E6C8-43CC-9584-B4CF4945EAD2}.Debug|Any CPU.Build.0 = Debug|Any CPU
		{022AE7C3-E6C8-43CC-9584-B4CF4945EAD2}.Release|Any CPU.ActiveCfg = Release|Any CPU
		{022AE7C3-E6C8-43CC-9584-B4CF4945EAD2}.Release|Any CPU.Build.0 = Release|Any CPU
		{49B57F17-A73A-4518-87C8-3D9D6787E0C8}.Debug|Any CPU.ActiveCfg = Debug|Any CPU
		{49B57F17-A73A-4518-87C8-3D9D6787E0C8}.Debug|Any CPU.Build.0 = Debug|Any CPU
		{49B57F17-A73A-4518-87C8-3D9D6787E0C8}.Release|Any CPU.ActiveCfg = Release|Any CPU
		{49B57F17-A73A-4518-87C8-3D9D6787E0C8}.Release|Any CPU.Build.0 = Release|Any CPU
		{DE8178E1-2354-4015-BA0D-AA832D5E280F}.Debug|Any CPU.ActiveCfg = Debug|Any CPU
		{DE8178E1-2354-4015-BA0D-AA832D5E280F}.Debug|Any CPU.Build.0 = Debug|Any CPU
		{DE8178E1-2354-4015-BA0D-AA832D5E280F}.Release|Any CPU.ActiveCfg = Release|Any CPU
		{DE8178E1-2354-4015-BA0D-AA832D5E280F}.Release|Any CPU.Build.0 = Release|Any CPU
		{EEA084BA-C5DB-45AC-99B9-E5F3F46255B6}.Debug|Any CPU.ActiveCfg = Debug|Any CPU
		{EEA084BA-C5DB-45AC-99B9-E5F3F46255B6}.Debug|Any CPU.Build.0 = Debug|Any CPU
		{EEA084BA-C5DB-45AC-99B9-E5F3F46255B6}.Release|Any CPU.ActiveCfg = Release|Any CPU
		{EEA084BA-C5DB-45AC-99B9-E5F3F46255B6}.Release|Any CPU.Build.0 = Release|Any CPU
		{84C14D4F-4BD2-44DC-B71C-5A111D22F483}.Debug|Any CPU.ActiveCfg = Debug|Any CPU
		{84C14D4F-4BD2-44DC-B71C-5A111D22F483}.Debug|Any CPU.Build.0 = Debug|Any CPU
		{84C14D4F-4BD2-44DC-B71C-5A111D22F483}.Release|Any CPU.ActiveCfg = Release|Any CPU
		{84C14D4F-4BD2-44DC-B71C-5A111D22F483}.Release|Any CPU.Build.0 = Release|Any CPU
		{5B466E6B-BB4A-4845-B585-6D09DF5946D6}.Debug|Any CPU.ActiveCfg = Debug|Any CPU
		{5B466E6B-BB4A-4845-B585-6D09DF5946D6}.Debug|Any CPU.Build.0 = Debug|Any CPU
		{5B466E6B-BB4A-4845-B585-6D09DF5946D6}.Release|Any CPU.ActiveCfg = Release|Any CPU
		{5B466E6B-BB4A-4845-B585-6D09DF5946D6}.Release|Any CPU.Build.0 = Release|Any CPU
		{7561E4B4-451E-497F-A0DA-0F7168492F9C}.Debug|Any CPU.ActiveCfg = Debug|Any CPU
		{7561E4B4-451E-497F-A0DA-0F7168492F9C}.Debug|Any CPU.Build.0 = Debug|Any CPU
		{7561E4B4-451E-497F-A0DA-0F7168492F9C}.Release|Any CPU.ActiveCfg = Release|Any CPU
		{7561E4B4-451E-497F-A0DA-0F7168492F9C}.Release|Any CPU.Build.0 = Release|Any CPU
	EndGlobalSection
	GlobalSection(SolutionProperties) = preSolution
		HideSolutionNode = FALSE
	EndGlobalSection
	GlobalSection(ExtensibilityGlobals) = postSolution
		SolutionGuid = {AD0BCC9E-998F-4492-83BC-5520DE72861D}
	EndGlobalSection
EndGlobal
